// !$*UTF8*$!
{
	archiveVersion = 1;
	classes = {
	};
	objectVersion = 50;
	objects = {

/* Begin PBXBuildFile section */
		D621EE082617DA660028A14E /* AppDelegate.swift in Sources */ = {isa = PBXBuildFile; fileRef = D621EE072617DA660028A14E /* AppDelegate.swift */; };
		D621EE0A2617DA660028A14E /* SceneDelegate.swift in Sources */ = {isa = PBXBuildFile; fileRef = D621EE092617DA660028A14E /* SceneDelegate.swift */; };
		D621EE0F2617DA660028A14E /* Main.storyboard in Resources */ = {isa = PBXBuildFile; fileRef = D621EE0D2617DA660028A14E /* Main.storyboard */; };
		D621EE112617DA660028A14E /* Assets.xcassets in Resources */ = {isa = PBXBuildFile; fileRef = D621EE102617DA660028A14E /* Assets.xcassets */; };
		D621EE142617DA660028A14E /* LaunchScreen.storyboard in Resources */ = {isa = PBXBuildFile; fileRef = D621EE122617DA660028A14E /* LaunchScreen.storyboard */; };
		D621EE1F2617DA670028A14E /* PaginationTableViewTests.swift in Sources */ = {isa = PBXBuildFile; fileRef = D621EE1E2617DA670028A14E /* PaginationTableViewTests.swift */; };
		D621EE2A2617DA670028A14E /* PaginationTableViewUITests.swift in Sources */ = {isa = PBXBuildFile; fileRef = D621EE292617DA670028A14E /* PaginationTableViewUITests.swift */; };
		D621EE402617DE1F0028A14E /* PaginationViewController.swift in Sources */ = {isa = PBXBuildFile; fileRef = D621EE3F2617DE1F0028A14E /* PaginationViewController.swift */; };
/* End PBXBuildFile section */

/* Begin PBXContainerItemProxy section */
		D621EE1B2617DA670028A14E /* PBXContainerItemProxy */ = {
			isa = PBXContainerItemProxy;
			containerPortal = D621EDFC2617DA660028A14E /* Project object */;
			proxyType = 1;
			remoteGlobalIDString = D621EE032617DA660028A14E;
			remoteInfo = PaginationTableView;
		};
		D621EE262617DA670028A14E /* PBXContainerItemProxy */ = {
			isa = PBXContainerItemProxy;
			containerPortal = D621EDFC2617DA660028A14E /* Project object */;
			proxyType = 1;
			remoteGlobalIDString = D621EE032617DA660028A14E;
			remoteInfo = PaginationTableView;
		};
/* End PBXContainerItemProxy section */

/* Begin PBXFileReference section */
		D621EE042617DA660028A14E /* PaginationTableView.app */ = {isa = PBXFileReference; explicitFileType = wrapper.application; includeInIndex = 0; path = PaginationTableView.app; sourceTree = BUILT_PRODUCTS_DIR; };
		D621EE072617DA660028A14E /* AppDelegate.swift */ = {isa = PBXFileReference; lastKnownFileType = sourcecode.swift; path = AppDelegate.swift; sourceTree = "<group>"; };
		D621EE092617DA660028A14E /* SceneDelegate.swift */ = {isa = PBXFileReference; lastKnownFileType = sourcecode.swift; path = SceneDelegate.swift; sourceTree = "<group>"; };
		D621EE0E2617DA660028A14E /* Base */ = {isa = PBXFileReference; lastKnownFileType = file.storyboard; name = Base; path = Base.lproj/Main.storyboard; sourceTree = "<group>"; };
		D621EE102617DA660028A14E /* Assets.xcassets */ = {isa = PBXFileReference; lastKnownFileType = folder.assetcatalog; path = Assets.xcassets; sourceTree = "<group>"; };
		D621EE132617DA660028A14E /* Base */ = {isa = PBXFileReference; lastKnownFileType = file.storyboard; name = Base; path = Base.lproj/LaunchScreen.storyboard; sourceTree = "<group>"; };
		D621EE152617DA660028A14E /* Info.plist */ = {isa = PBXFileReference; lastKnownFileType = text.plist.xml; path = Info.plist; sourceTree = "<group>"; };
		D621EE1A2617DA670028A14E /* PaginationTableViewTests.xctest */ = {isa = PBXFileReference; explicitFileType = wrapper.cfbundle; includeInIndex = 0; path = PaginationTableViewTests.xctest; sourceTree = BUILT_PRODUCTS_DIR; };
		D621EE1E2617DA670028A14E /* PaginationTableViewTests.swift */ = {isa = PBXFileReference; lastKnownFileType = sourcecode.swift; path = PaginationTableViewTests.swift; sourceTree = "<group>"; };
		D621EE202617DA670028A14E /* Info.plist */ = {isa = PBXFileReference; lastKnownFileType = text.plist.xml; path = Info.plist; sourceTree = "<group>"; };
		D621EE252617DA670028A14E /* PaginationTableViewUITests.xctest */ = {isa = PBXFileReference; explicitFileType = wrapper.cfbundle; includeInIndex = 0; path = PaginationTableViewUITests.xctest; sourceTree = BUILT_PRODUCTS_DIR; };
		D621EE292617DA670028A14E /* PaginationTableViewUITests.swift */ = {isa = PBXFileReference; lastKnownFileType = sourcecode.swift; path = PaginationTableViewUITests.swift; sourceTree = "<group>"; };
		D621EE2B2617DA670028A14E /* Info.plist */ = {isa = PBXFileReference; lastKnownFileType = text.plist.xml; path = Info.plist; sourceTree = "<group>"; };
		D621EE3F2617DE1F0028A14E /* PaginationViewController.swift */ = {isa = PBXFileReference; lastKnownFileType = sourcecode.swift; path = PaginationViewController.swift; sourceTree = "<group>"; };
/* End PBXFileReference section */

/* Begin PBXFrameworksBuildPhase section */
		D621EE012617DA660028A14E /* Frameworks */ = {
			isa = PBXFrameworksBuildPhase;
			buildActionMask = 2147483647;
			files = (
			);
			runOnlyForDeploymentPostprocessing = 0;
		};
		D621EE172617DA670028A14E /* Frameworks */ = {
			isa = PBXFrameworksBuildPhase;
			buildActionMask = 2147483647;
			files = (
			);
			runOnlyForDeploymentPostprocessing = 0;
		};
		D621EE222617DA670028A14E /* Frameworks */ = {
			isa = PBXFrameworksBuildPhase;
			buildActionMask = 2147483647;
			files = (
			);
			runOnlyForDeploymentPostprocessing = 0;
		};
/* End PBXFrameworksBuildPhase section */

/* Begin PBXGroup section */
		D621EDFB2617DA660028A14E = {
			isa = PBXGroup;
			children = (
				D621EE062617DA660028A14E /* PaginationTableView */,
				D621EE1D2617DA670028A14E /* PaginationTableViewTests */,
				D621EE282617DA670028A14E /* PaginationTableViewUITests */,
				D621EE052617DA660028A14E /* Products */,
			);
			sourceTree = "<group>";
		};
		D621EE052617DA660028A14E /* Products */ = {
			isa = PBXGroup;
			children = (
				D621EE042617DA660028A14E /* PaginationTableView.app */,
				D621EE1A2617DA670028A14E /* PaginationTableViewTests.xctest */,
				D621EE252617DA670028A14E /* PaginationTableViewUITests.xctest */,
			);
			name = Products;
			sourceTree = "<group>";
		};
		D621EE062617DA660028A14E /* PaginationTableView */ = {
			isa = PBXGroup;
			children = (
				D621EE3B2617DDDA0028A14E /* Interface */,
				D621EE3A2617DDCD0028A14E /* Controllers */,
				D621EE072617DA660028A14E /* AppDelegate.swift */,
				D621EE092617DA660028A14E /* SceneDelegate.swift */,
				D621EE152617DA660028A14E /* Info.plist */,
			);
			path = PaginationTableView;
			sourceTree = "<group>";
		};
		D621EE1D2617DA670028A14E /* PaginationTableViewTests */ = {
			isa = PBXGroup;
			children = (
				D621EE1E2617DA670028A14E /* PaginationTableViewTests.swift */,
				D621EE202617DA670028A14E /* Info.plist */,
			);
			path = PaginationTableViewTests;
			sourceTree = "<group>";
		};
		D621EE282617DA670028A14E /* PaginationTableViewUITests */ = {
			isa = PBXGroup;
			children = (
				D621EE292617DA670028A14E /* PaginationTableViewUITests.swift */,
				D621EE2B2617DA670028A14E /* Info.plist */,
			);
			path = PaginationTableViewUITests;
			sourceTree = "<group>";
		};
		D621EE3A2617DDCD0028A14E /* Controllers */ = {
			isa = PBXGroup;
			children = (
				D621EE3F2617DE1F0028A14E /* PaginationViewController.swift */,
			);
			path = Controllers;
			sourceTree = "<group>";
		};
		D621EE3B2617DDDA0028A14E /* Interface */ = {
			isa = PBXGroup;
			children = (
				D621EE0D2617DA660028A14E /* Main.storyboard */,
				D621EE122617DA660028A14E /* LaunchScreen.storyboard */,
				D621EE102617DA660028A14E /* Assets.xcassets */,
			);
			path = Interface;
			sourceTree = "<group>";
		};
/* End PBXGroup section */

/* Begin PBXNativeTarget section */
		D621EE032617DA660028A14E /* PaginationTableView */ = {
			isa = PBXNativeTarget;
			buildConfigurationList = D621EE2E2617DA670028A14E /* Build configuration list for PBXNativeTarget "PaginationTableView" */;
			buildPhases = (
				D621EE002617DA660028A14E /* Sources */,
				D621EE012617DA660028A14E /* Frameworks */,
				D621EE022617DA660028A14E /* Resources */,
			);
			buildRules = (
			);
			dependencies = (
			);
			name = PaginationTableView;
			productName = PaginationTableView;
			productReference = D621EE042617DA660028A14E /* PaginationTableView.app */;
			productType = "com.apple.product-type.application";
		};
		D621EE192617DA670028A14E /* PaginationTableViewTests */ = {
			isa = PBXNativeTarget;
			buildConfigurationList = D621EE312617DA670028A14E /* Build configuration list for PBXNativeTarget "PaginationTableViewTests" */;
			buildPhases = (
				D621EE162617DA670028A14E /* Sources */,
				D621EE172617DA670028A14E /* Frameworks */,
				D621EE182617DA670028A14E /* Resources */,
			);
			buildRules = (
			);
			dependencies = (
				D621EE1C2617DA670028A14E /* PBXTargetDependency */,
			);
			name = PaginationTableViewTests;
			productName = PaginationTableViewTests;
			productReference = D621EE1A2617DA670028A14E /* PaginationTableViewTests.xctest */;
			productType = "com.apple.product-type.bundle.unit-test";
		};
		D621EE242617DA670028A14E /* PaginationTableViewUITests */ = {
			isa = PBXNativeTarget;
			buildConfigurationList = D621EE342617DA670028A14E /* Build configuration list for PBXNativeTarget "PaginationTableViewUITests" */;
			buildPhases = (
				D621EE212617DA670028A14E /* Sources */,
				D621EE222617DA670028A14E /* Frameworks */,
				D621EE232617DA670028A14E /* Resources */,
			);
			buildRules = (
			);
			dependencies = (
				D621EE272617DA670028A14E /* PBXTargetDependency */,
			);
			name = PaginationTableViewUITests;
			productName = PaginationTableViewUITests;
			productReference = D621EE252617DA670028A14E /* PaginationTableViewUITests.xctest */;
			productType = "com.apple.product-type.bundle.ui-testing";
		};
/* End PBXNativeTarget section */

/* Begin PBXProject section */
		D621EDFC2617DA660028A14E /* Project object */ = {
			isa = PBXProject;
			attributes = {
				LastSwiftUpdateCheck = 1240;
				LastUpgradeCheck = 1240;
				TargetAttributes = {
					D621EE032617DA660028A14E = {
						CreatedOnToolsVersion = 12.4;
					};
					D621EE192617DA670028A14E = {
						CreatedOnToolsVersion = 12.4;
						TestTargetID = D621EE032617DA660028A14E;
					};
					D621EE242617DA670028A14E = {
						CreatedOnToolsVersion = 12.4;
						TestTargetID = D621EE032617DA660028A14E;
					};
				};
			};
			buildConfigurationList = D621EDFF2617DA660028A14E /* Build configuration list for PBXProject "PaginationTableView" */;
			compatibilityVersion = "Xcode 9.3";
			developmentRegion = en;
			hasScannedForEncodings = 0;
			knownRegions = (
				en,
				Base,
			);
			mainGroup = D621EDFB2617DA660028A14E;
			productRefGroup = D621EE052617DA660028A14E /* Products */;
			projectDirPath = "";
			projectRoot = "";
			targets = (
				D621EE032617DA660028A14E /* PaginationTableView */,
				D621EE192617DA670028A14E /* PaginationTableViewTests */,
				D621EE242617DA670028A14E /* PaginationTableViewUITests */,
			);
		};
/* End PBXProject section */

/* Begin PBXResourcesBuildPhase section */
		D621EE022617DA660028A14E /* Resources */ = {
			isa = PBXResourcesBuildPhase;
			buildActionMask = 2147483647;
			files = (
				D621EE142617DA660028A14E /* LaunchScreen.storyboard in Resources */,
				D621EE112617DA660028A14E /* Assets.xcassets in Resources */,
				D621EE0F2617DA660028A14E /* Main.storyboard in Resources */,
			);
			runOnlyForDeploymentPostprocessing = 0;
		};
		D621EE182617DA670028A14E /* Resources */ = {
			isa = PBXResourcesBuildPhase;
			buildActionMask = 2147483647;
			files = (
			);
			runOnlyForDeploymentPostprocessing = 0;
		};
		D621EE232617DA670028A14E /* Resources */ = {
			isa = PBXResourcesBuildPhase;
			buildActionMask = 2147483647;
			files = (
			);
			runOnlyForDeploymentPostprocessing = 0;
		};
/* End PBXResourcesBuildPhase section */

/* Begin PBXSourcesBuildPhase section */
		D621EE002617DA660028A14E /* Sources */ = {
			isa = PBXSourcesBuildPhase;
			buildActionMask = 2147483647;
			files = (
				D621EE082617DA660028A14E /* AppDelegate.swift in Sources */,
				D621EE402617DE1F0028A14E /* PaginationViewController.swift in Sources */,
				D621EE0A2617DA660028A14E /* SceneDelegate.swift in Sources */,
			);
			runOnlyForDeploymentPostprocessing = 0;
		};
		D621EE162617DA670028A14E /* Sources */ = {
			isa = PBXSourcesBuildPhase;
			buildActionMask = 2147483647;
			files = (
				D621EE1F2617DA670028A14E /* PaginationTableViewTests.swift in Sources */,
			);
			runOnlyForDeploymentPostprocessing = 0;
		};
		D621EE212617DA670028A14E /* Sources */ = {
			isa = PBXSourcesBuildPhase;
			buildActionMask = 2147483647;
			files = (
				D621EE2A2617DA670028A14E /* PaginationTableViewUITests.swift in Sources */,
			);
			runOnlyForDeploymentPostprocessing = 0;
		};
/* End PBXSourcesBuildPhase section */

/* Begin PBXTargetDependency section */
		D621EE1C2617DA670028A14E /* PBXTargetDependency */ = {
			isa = PBXTargetDependency;
			target = D621EE032617DA660028A14E /* PaginationTableView */;
			targetProxy = D621EE1B2617DA670028A14E /* PBXContainerItemProxy */;
		};
		D621EE272617DA670028A14E /* PBXTargetDependency */ = {
			isa = PBXTargetDependency;
			target = D621EE032617DA660028A14E /* PaginationTableView */;
			targetProxy = D621EE262617DA670028A14E /* PBXContainerItemProxy */;
		};
/* End PBXTargetDependency section */

/* Begin PBXVariantGroup section */
		D621EE0D2617DA660028A14E /* Main.storyboard */ = {
			isa = PBXVariantGroup;
			children = (
				D621EE0E2617DA660028A14E /* Base */,
			);
			name = Main.storyboard;
			sourceTree = "<group>";
		};
		D621EE122617DA660028A14E /* LaunchScreen.storyboard */ = {
			isa = PBXVariantGroup;
			children = (
				D621EE132617DA660028A14E /* Base */,
			);
			name = LaunchScreen.storyboard;
			sourceTree = "<group>";
		};
/* End PBXVariantGroup section */

/* Begin XCBuildConfiguration section */
		D621EE2C2617DA670028A14E /* Debug */ = {
			isa = XCBuildConfiguration;
			buildSettings = {
				ALWAYS_SEARCH_USER_PATHS = NO;
				CLANG_ANALYZER_NONNULL = YES;
				CLANG_ANALYZER_NUMBER_OBJECT_CONVERSION = YES_AGGRESSIVE;
				CLANG_CXX_LANGUAGE_STANDARD = "gnu++14";
				CLANG_CXX_LIBRARY = "libc++";
				CLANG_ENABLE_MODULES = YES;
				CLANG_ENABLE_OBJC_ARC = YES;
				CLANG_ENABLE_OBJC_WEAK = YES;
				CLANG_WARN_BLOCK_CAPTURE_AUTORELEASING = YES;
				CLANG_WARN_BOOL_CONVERSION = YES;
				CLANG_WARN_COMMA = YES;
				CLANG_WARN_CONSTANT_CONVERSION = YES;
				CLANG_WARN_DEPRECATED_OBJC_IMPLEMENTATIONS = YES;
				CLANG_WARN_DIRECT_OBJC_ISA_USAGE = YES_ERROR;
				CLANG_WARN_DOCUMENTATION_COMMENTS = YES;
				CLANG_WARN_EMPTY_BODY = YES;
				CLANG_WARN_ENUM_CONVERSION = YES;
				CLANG_WARN_INFINITE_RECURSION = YES;
				CLANG_WARN_INT_CONVERSION = YES;
				CLANG_WARN_NON_LITERAL_NULL_CONVERSION = YES;
				CLANG_WARN_OBJC_IMPLICIT_RETAIN_SELF = YES;
				CLANG_WARN_OBJC_LITERAL_CONVERSION = YES;
				CLANG_WARN_OBJC_ROOT_CLASS = YES_ERROR;
				CLANG_WARN_QUOTED_INCLUDE_IN_FRAMEWORK_HEADER = YES;
				CLANG_WARN_RANGE_LOOP_ANALYSIS = YES;
				CLANG_WARN_STRICT_PROTOTYPES = YES;
				CLANG_WARN_SUSPICIOUS_MOVE = YES;
				CLANG_WARN_UNGUARDED_AVAILABILITY = YES_AGGRESSIVE;
				CLANG_WARN_UNREACHABLE_CODE = YES;
				CLANG_WARN__DUPLICATE_METHOD_MATCH = YES;
				COPY_PHASE_STRIP = NO;
				DEBUG_INFORMATION_FORMAT = dwarf;
				ENABLE_STRICT_OBJC_MSGSEND = YES;
				ENABLE_TESTABILITY = YES;
				GCC_C_LANGUAGE_STANDARD = gnu11;
				GCC_DYNAMIC_NO_PIC = NO;
				GCC_NO_COMMON_BLOCKS = YES;
				GCC_OPTIMIZATION_LEVEL = 0;
				GCC_PREPROCESSOR_DEFINITIONS = (
					"DEBUG=1",
					"$(inherited)",
				);
				GCC_WARN_64_TO_32_BIT_CONVERSION = YES;
				GCC_WARN_ABOUT_RETURN_TYPE = YES_ERROR;
				GCC_WARN_UNDECLARED_SELECTOR = YES;
				GCC_WARN_UNINITIALIZED_AUTOS = YES_AGGRESSIVE;
				GCC_WARN_UNUSED_FUNCTION = YES;
				GCC_WARN_UNUSED_VARIABLE = YES;
				IPHONEOS_DEPLOYMENT_TARGET = 14.4;
				MTL_ENABLE_DEBUG_INFO = INCLUDE_SOURCE;
				MTL_FAST_MATH = YES;
				ONLY_ACTIVE_ARCH = YES;
				SDKROOT = iphoneos;
				SWIFT_ACTIVE_COMPILATION_CONDITIONS = DEBUG;
				SWIFT_OPTIMIZATION_LEVEL = "-Onone";
			};
			name = Debug;
		};
		D621EE2D2617DA670028A14E /* Release */ = {
			isa = XCBuildConfiguration;
			buildSettings = {
				ALWAYS_SEARCH_USER_PATHS = NO;
				CLANG_ANALYZER_NONNULL = YES;
				CLANG_ANALYZER_NUMBER_OBJECT_CONVERSION = YES_AGGRESSIVE;
				CLANG_CXX_LANGUAGE_STANDARD = "gnu++14";
				CLANG_CXX_LIBRARY = "libc++";
				CLANG_ENABLE_MODULES = YES;
				CLANG_ENABLE_OBJC_ARC = YES;
				CLANG_ENABLE_OBJC_WEAK = YES;
				CLANG_WARN_BLOCK_CAPTURE_AUTORELEASING = YES;
				CLANG_WARN_BOOL_CONVERSION = YES;
				CLANG_WARN_COMMA = YES;
				CLANG_WARN_CONSTANT_CONVERSION = YES;
				CLANG_WARN_DEPRECATED_OBJC_IMPLEMENTATIONS = YES;
				CLANG_WARN_DIRECT_OBJC_ISA_USAGE = YES_ERROR;
				CLANG_WARN_DOCUMENTATION_COMMENTS = YES;
				CLANG_WARN_EMPTY_BODY = YES;
				CLANG_WARN_ENUM_CONVERSION = YES;
				CLANG_WARN_INFINITE_RECURSION = YES;
				CLANG_WARN_INT_CONVERSION = YES;
				CLANG_WARN_NON_LITERAL_NULL_CONVERSION = YES;
				CLANG_WARN_OBJC_IMPLICIT_RETAIN_SELF = YES;
				CLANG_WARN_OBJC_LITERAL_CONVERSION = YES;
				CLANG_WARN_OBJC_ROOT_CLASS = YES_ERROR;
				CLANG_WARN_QUOTED_INCLUDE_IN_FRAMEWORK_HEADER = YES;
				CLANG_WARN_RANGE_LOOP_ANALYSIS = YES;
				CLANG_WARN_STRICT_PROTOTYPES = YES;
				CLANG_WARN_SUSPICIOUS_MOVE = YES;
				CLANG_WARN_UNGUARDED_AVAILABILITY = YES_AGGRESSIVE;
				CLANG_WARN_UNREACHABLE_CODE = YES;
				CLANG_WARN__DUPLICATE_METHOD_MATCH = YES;
				COPY_PHASE_STRIP = NO;
				DEBUG_INFORMATION_FORMAT = "dwarf-with-dsym";
				ENABLE_NS_ASSERTIONS = NO;
				ENABLE_STRICT_OBJC_MSGSEND = YES;
				GCC_C_LANGUAGE_STANDARD = gnu11;
				GCC_NO_COMMON_BLOCKS = YES;
				GCC_WARN_64_TO_32_BIT_CONVERSION = YES;
				GCC_WARN_ABOUT_RETURN_TYPE = YES_ERROR;
				GCC_WARN_UNDECLARED_SELECTOR = YES;
				GCC_WARN_UNINITIALIZED_AUTOS = YES_AGGRESSIVE;
				GCC_WARN_UNUSED_FUNCTION = YES;
				GCC_WARN_UNUSED_VARIABLE = YES;
				IPHONEOS_DEPLOYMENT_TARGET = 14.4;
				MTL_ENABLE_DEBUG_INFO = NO;
				MTL_FAST_MATH = YES;
				SDKROOT = iphoneos;
				SWIFT_COMPILATION_MODE = wholemodule;
				SWIFT_OPTIMIZATION_LEVEL = "-O";
				VALIDATE_PRODUCT = YES;
			};
			name = Release;
		};
		D621EE2F2617DA670028A14E /* Debug */ = {
			isa = XCBuildConfiguration;
			buildSettings = {
				ASSETCATALOG_COMPILER_APPICON_NAME = AppIcon;
				ASSETCATALOG_COMPILER_GLOBAL_ACCENT_COLOR_NAME = AccentColor;
				CODE_SIGN_STYLE = Automatic;
				DEVELOPMENT_TEAM = K6LJCT8RAA;
				INFOPLIST_FILE = PaginationTableView/Info.plist;
				LD_RUNPATH_SEARCH_PATHS = (
					"$(inherited)",
					"@executable_path/Frameworks",
				);
				PRODUCT_BUNDLE_IDENTIFIER = com.PaginationTableView;
				PRODUCT_NAME = "$(TARGET_NAME)";
				SWIFT_VERSION = 5.0;
				TARGETED_DEVICE_FAMILY = "1,2";
			};
			name = Debug;
		};
		D621EE302617DA670028A14E /* Release */ = {
			isa = XCBuildConfiguration;
			buildSettings = {
				ASSETCATALOG_COMPILER_APPICON_NAME = AppIcon;
				ASSETCATALOG_COMPILER_GLOBAL_ACCENT_COLOR_NAME = AccentColor;
				CODE_SIGN_STYLE = Automatic;
				DEVELOPMENT_TEAM = K6LJCT8RAA;
				INFOPLIST_FILE = PaginationTableView/Info.plist;
				LD_RUNPATH_SEARCH_PATHS = (
					"$(inherited)",
					"@executable_path/Frameworks",
				);
				PRODUCT_BUNDLE_IDENTIFIER = com.PaginationTableView;
				PRODUCT_NAME = "$(TARGET_NAME)";
				SWIFT_VERSION = 5.0;
				TARGETED_DEVICE_FAMILY = "1,2";
			};
			name = Release;
		};
		D621EE322617DA670028A14E /* Debug */ = {
			isa = XCBuildConfiguration;
			buildSettings = {
				ALWAYS_EMBED_SWIFT_STANDARD_LIBRARIES = YES;
				BUNDLE_LOADER = "$(TEST_HOST)";
				CODE_SIGN_STYLE = Automatic;
				DEVELOPMENT_TEAM = K6LJCT8RAA;
				INFOPLIST_FILE = PaginationTableViewTests/Info.plist;
				IPHONEOS_DEPLOYMENT_TARGET = 14.4;
				LD_RUNPATH_SEARCH_PATHS = (
					"$(inherited)",
					"@executable_path/Frameworks",
					"@loader_path/Frameworks",
				);
				PRODUCT_BUNDLE_IDENTIFIER = com.PaginationTableViewTests;
				PRODUCT_NAME = "$(TARGET_NAME)";
				SWIFT_VERSION = 5.0;
				TARGETED_DEVICE_FAMILY = "1,2";
				TEST_HOST = "$(BUILT_PRODUCTS_DIR)/PaginationTableView.app/PaginationTableView";
			};
			name = Debug;
		};
		D621EE332617DA670028A14E /* Release */ = {
			isa = XCBuildConfiguration;
			buildSettings = {
				ALWAYS_EMBED_SWIFT_STANDARD_LIBRARIES = YES;
				BUNDLE_LOADER = "$(TEST_HOST)";
				CODE_SIGN_STYLE = Automatic;
				DEVELOPMENT_TEAM = K6LJCT8RAA;
				INFOPLIST_FILE = PaginationTableViewTests/Info.plist;
				IPHONEOS_DEPLOYMENT_TARGET = 14.4;
				LD_RUNPATH_SEARCH_PATHS = (
					"$(inherited)",
					"@executable_path/Frameworks",
					"@loader_path/Frameworks",
				);
				PRODUCT_BUNDLE_IDENTIFIER = com.PaginationTableViewTests;
				PRODUCT_NAME = "$(TARGET_NAME)";
				SWIFT_VERSION = 5.0;
				TARGETED_DEVICE_FAMILY = "1,2";
				TEST_HOST = "$(BUILT_PRODUCTS_DIR)/PaginationTableView.app/PaginationTableView";
			};
			name = Release;
		};
		D621EE352617DA670028A14E /* Debug */ = {
			isa = XCBuildConfiguration;
			buildSettings = {
				ALWAYS_EMBED_SWIFT_STANDARD_LIBRARIES = YES;
				CODE_SIGN_STYLE = Automatic;
				DEVELOPMENT_TEAM = K6LJCT8RAA;
				INFOPLIST_FILE = PaginationTableViewUITests/Info.plist;
				LD_RUNPATH_SEARCH_PATHS = (
					"$(inherited)",
					"@executable_path/Frameworks",
					"@loader_path/Frameworks",
				);
				PRODUCT_BUNDLE_IDENTIFIER = com.PaginationTableViewUITests;
				PRODUCT_NAME = "$(TARGET_NAME)";
				SWIFT_VERSION = 5.0;
				TARGETED_DEVICE_FAMILY = "1,2";
				TEST_TARGET_NAME = PaginationTableView;
			};
			name = Debug;
		};
		D621EE362617DA670028A14E /* Release */ = {
			isa = XCBuildConfiguration;
			buildSettings = {
				ALWAYS_EMBED_SWIFT_STANDARD_LIBRARIES = YES;
				CODE_SIGN_STYLE = Automatic;
				DEVELOPMENT_TEAM = K6LJCT8RAA;
				INFOPLIST_FILE = PaginationTableViewUITests/Info.plist;
				LD_RUNPATH_SEARCH_PATHS = (
					"$(inherited)",
					"@executable_path/Frameworks",
					"@loader_path/Frameworks",
				);
				PRODUCT_BUNDLE_IDENTIFIER = com.PaginationTableViewUITests;
				PRODUCT_NAME = "$(TARGET_NAME)";
				SWIFT_VERSION = 5.0;
				TARGETED_DEVICE_FAMILY = "1,2";
				TEST_TARGET_NAME = PaginationTableView;
			};
			name = Release;
		};
/* End XCBuildConfiguration section */

/* Begin XCConfigurationList section */
		D621EDFF2617DA660028A14E /* Build configuration list for PBXProject "PaginationTableView" */ = {
			isa = XCConfigurationList;
			buildConfigurations = (
				D621EE2C2617DA670028A14E /* Debug */,
				D621EE2D2617DA670028A14E /* Release */,
			);
			defaultConfigurationIsVisible = 0;
			defaultConfigurationName = Release;
		};
		D621EE2E2617DA670028A14E /* Build configuration list for PBXNativeTarget "PaginationTableView" */ = {
			isa = XCConfigurationList;
			buildConfigurations = (
				D621EE2F2617DA670028A14E /* Debug */,
				D621EE302617DA670028A14E /* Release */,
			);
			defaultConfigurationIsVisible = 0;
			defaultConfigurationName = Release;
		};
		D621EE312617DA670028A14E /* Build configuration list for PBXNativeTarget "PaginationTableViewTests" */ = {
			isa = XCConfigurationList;
			buildConfigurations = (
				D621EE322617DA670028A14E /* Debug */,
				D621EE332617DA670028A14E /* Release */,
			);
			defaultConfigurationIsVisible = 0;
			defaultConfigurationName = Release;
		};
		D621EE342617DA670028A14E /* Build configuration list for PBXNativeTarget "PaginationTableViewUITests" */ = {
			isa = XCConfigurationList;
			buildConfigurations = (
				D621EE352617DA670028A14E /* Debug */,
				D621EE362617DA670028A14E /* Release */,
			);
			defaultConfigurationIsVisible = 0;
			defaultConfigurationName = Release;
		};
/* End XCConfigurationList section */
	};
	rootObject = D621EDFC2617DA660028A14E /* Project object */;
}
